
Microsoft Visual Studio Solution File, Format Version 12.00
# Visual Studio Version 17
VisualStudioVersion = 17.5.002.0
MinimumVisualStudioVersion = 10.0.40219.1
Project("{9A19103F-16F7-4668-BE54-9A1E7A4F7556}") = "EncryptionApp", "EncryptionApp.csproj", "{2041CE38-C58E-4B5A-88A9-891BF61D68D9}"
EndProject
Global
	GlobalSection(SolutionConfigurationPlatforms) = preSolution
		Debug|Any CPU = Debug|Any CPU
		Release|Any CPU = Release|Any CPU
	EndGlobalSection
	GlobalSection(ProjectConfigurationPlatforms) = postSolution
		{2041CE38-C58E-4B5A-88A9-891BF61D68D9}.Debug|Any CPU.ActiveCfg = Debug|Any CPU
		{2041CE38-C58E-4B5A-88A9-891BF61D68D9}.Debug|Any CPU.Build.0 = Debug|Any CPU
		{2041CE38-C58E-4B5A-88A9-891BF61D68D9}.Release|Any CPU.ActiveCfg = Release|Any CPU
		{2041CE38-C58E-4B5A-88A9-891BF61D68D9}.Release|Any CPU.Build.0 = Release|Any CPU
	EndGlobalSection
	GlobalSection(SolutionProperties) = preSolution
		HideSolutionNode = FALSE
	EndGlobalSection
	GlobalSection(ExtensibilityGlobals) = postSolution
		SolutionGuid = {30D7D8A3-8225-4697-B6D3-A71EFAD5B6F4}
	EndGlobalSection
EndGlobal
